// !$*UTF8*$!
{
	archiveVersion = 1;
	classes = {
	};
	objectVersion = 56;
	objects = {

/* Begin PBXBuildFile section */
		3EBF20EE2C255E3300C3A90E /* AppDelegate.swift in Sources */ = {isa = PBXBuildFile; fileRef = 3EBF20ED2C255E3300C3A90E /* AppDelegate.swift */; };
		3EBF20F02C255E3300C3A90E /* GameScene.sks in Resources */ = {isa = PBXBuildFile; fileRef = 3EBF20EF2C255E3300C3A90E /* GameScene.sks */; };
		3EBF20F42C255E3300C3A90E /* GameScene.swift in Sources */ = {isa = PBXBuildFile; fileRef = 3EBF20F32C255E3300C3A90E /* GameScene.swift */; };
		3EBF20F62C255E3300C3A90E /* GameViewController.swift in Sources */ = {isa = PBXBuildFile; fileRef = 3EBF20F52C255E3300C3A90E /* GameViewController.swift */; };
		3EBF20F92C255E3400C3A90E /* Base in Resources */ = {isa = PBXBuildFile; fileRef = 3EBF20F82C255E3400C3A90E /* Base */; };
		3EBF20FB2C255E3A00C3A90E /* Assets.xcassets in Resources */ = {isa = PBXBuildFile; fileRef = 3EBF20FA2C255E3A00C3A90E /* Assets.xcassets */; };
		3EBF20FE2C255E3A00C3A90E /* Base in Resources */ = {isa = PBXBuildFile; fileRef = 3EBF20FD2C255E3A00C3A90E /* Base */; };
		3EBF21082C255E3B00C3A90E /* rockettTestGameAppTests.swift in Sources */ = {isa = PBXBuildFile; fileRef = 3EBF21072C255E3B00C3A90E /* rockettTestGameAppTests.swift */; };
		3EBF21122C255E3B00C3A90E /* rockettTestGameAppUITests.swift in Sources */ = {isa = PBXBuildFile; fileRef = 3EBF21112C255E3B00C3A90E /* rockettTestGameAppUITests.swift */; };
		3EBF21142C255E3B00C3A90E /* rockettTestGameAppUITestsLaunchTests.swift in Sources */ = {isa = PBXBuildFile; fileRef = 3EBF21132C255E3B00C3A90E /* rockettTestGameAppUITestsLaunchTests.swift */; };
		3EBF21212C2635A900C3A90E /* unlock.mp3 in Resources */ = {isa = PBXBuildFile; fileRef = 3EBF21202C2635A900C3A90E /* unlock.mp3 */; };
/* End PBXBuildFile section */

/* Begin PBXContainerItemProxy section */
		3EBF21042C255E3B00C3A90E /* PBXContainerItemProxy */ = {
			isa = PBXContainerItemProxy;
			containerPortal = 3EBF20E22C255E3300C3A90E /* Project object */;
			proxyType = 1;
			remoteGlobalIDString = 3EBF20E92C255E3300C3A90E;
			remoteInfo = rockettTestGameApp;
		};
		3EBF210E2C255E3B00C3A90E /* PBXContainerItemProxy */ = {
			isa = PBXContainerItemProxy;
			containerPortal = 3EBF20E22C255E3300C3A90E /* Project object */;
			proxyType = 1;
			remoteGlobalIDString = 3EBF20E92C255E3300C3A90E;
			remoteInfo = rockettTestGameApp;
		};
/* End PBXContainerItemProxy section */

/* Begin PBXFileReference section */
		3EBF20EA2C255E3300C3A90E /* rockettTestGameApp.app */ = {isa = PBXFileReference; explicitFileType = wrapper.application; includeInIndex = 0; path = rockettTestGameApp.app; sourceTree = BUILT_PRODUCTS_DIR; };
		3EBF20ED2C255E3300C3A90E /* AppDelegate.swift */ = {isa = PBXFileReference; lastKnownFileType = sourcecode.swift; path = AppDelegate.swift; sourceTree = "<group>"; };
		3EBF20EF2C255E3300C3A90E /* GameScene.sks */ = {isa = PBXFileReference; lastKnownFileType = file.sks; path = GameScene.sks; sourceTree = "<group>"; };
		3EBF20F32C255E3300C3A90E /* GameScene.swift */ = {isa = PBXFileReference; lastKnownFileType = sourcecode.swift; path = GameScene.swift; sourceTree = "<group>"; };
		3EBF20F52C255E3300C3A90E /* GameViewController.swift */ = {isa = PBXFileReference; lastKnownFileType = sourcecode.swift; path = GameViewController.swift; sourceTree = "<group>"; };
		3EBF20F82C255E3400C3A90E /* Base */ = {isa = PBXFileReference; lastKnownFileType = file.storyboard; name = Base; path = Base.lproj/Main.storyboard; sourceTree = "<group>"; };
		3EBF20FA2C255E3A00C3A90E /* Assets.xcassets */ = {isa = PBXFileReference; lastKnownFileType = folder.assetcatalog; path = Assets.xcassets; sourceTree = "<group>"; };
		3EBF20FD2C255E3A00C3A90E /* Base */ = {isa = PBXFileReference; lastKnownFileType = file.storyboard; name = Base; path = Base.lproj/LaunchScreen.storyboard; sourceTree = "<group>"; };
		3EBF21032C255E3B00C3A90E /* rockettTestGameAppTests.xctest */ = {isa = PBXFileReference; explicitFileType = wrapper.cfbundle; includeInIndex = 0; path = rockettTestGameAppTests.xctest; sourceTree = BUILT_PRODUCTS_DIR; };
		3EBF21072C255E3B00C3A90E /* rockettTestGameAppTests.swift */ = {isa = PBXFileReference; lastKnownFileType = sourcecode.swift; path = rockettTestGameAppTests.swift; sourceTree = "<group>"; };
		3EBF210D2C255E3B00C3A90E /* rockettTestGameAppUITests.xctest */ = {isa = PBXFileReference; explicitFileType = wrapper.cfbundle; includeInIndex = 0; path = rockettTestGameAppUITests.xctest; sourceTree = BUILT_PRODUCTS_DIR; };
		3EBF21112C255E3B00C3A90E /* rockettTestGameAppUITests.swift */ = {isa = PBXFileReference; lastKnownFileType = sourcecode.swift; path = rockettTestGameAppUITests.swift; sourceTree = "<group>"; };
		3EBF21132C255E3B00C3A90E /* rockettTestGameAppUITestsLaunchTests.swift */ = {isa = PBXFileReference; lastKnownFileType = sourcecode.swift; path = rockettTestGameAppUITestsLaunchTests.swift; sourceTree = "<group>"; };
		3EBF21202C2635A900C3A90E /* unlock.mp3 */ = {isa = PBXFileReference; lastKnownFileType = audio.mp3; path = unlock.mp3; sourceTree = "<group>"; };
		3EBF21222C2635BB00C3A90E /* pop.m4a */ = {isa = PBXFileReference; lastKnownFileType = file; path = pop.m4a; sourceTree = "<group>"; };
/* End PBXFileReference section */

/* Begin PBXFrameworksBuildPhase section */
		3EBF20E72C255E3300C3A90E /* Frameworks */ = {
			isa = PBXFrameworksBuildPhase;
			buildActionMask = 2147483647;
			files = (
			);
			runOnlyForDeploymentPostprocessing = 0;
		};
		3EBF21002C255E3B00C3A90E /* Frameworks */ = {
			isa = PBXFrameworksBuildPhase;
			buildActionMask = 2147483647;
			files = (
			);
			runOnlyForDeploymentPostprocessing = 0;
		};
		3EBF210A2C255E3B00C3A90E /* Frameworks */ = {
			isa = PBXFrameworksBuildPhase;
			buildActionMask = 2147483647;
			files = (
			);
			runOnlyForDeploymentPostprocessing = 0;
		};
/* End PBXFrameworksBuildPhase section */

/* Begin PBXGroup section */
		3EBF20E12C255E3300C3A90E = {
			isa = PBXGroup;
			children = (
				3EBF20EC2C255E3300C3A90E /* rockettTestGameApp */,
				3EBF21062C255E3B00C3A90E /* rockettTestGameAppTests */,
				3EBF21102C255E3B00C3A90E /* rockettTestGameAppUITests */,
				3EBF20EB2C255E3300C3A90E /* Products */,
			);
			sourceTree = "<group>";
		};
		3EBF20EB2C255E3300C3A90E /* Products */ = {
			isa = PBXGroup;
			children = (
				3EBF20EA2C255E3300C3A90E /* rockettTestGameApp.app */,
				3EBF21032C255E3B00C3A90E /* rockettTestGameAppTests.xctest */,
				3EBF210D2C255E3B00C3A90E /* rockettTestGameAppUITests.xctest */,
			);
			name = Products;
			sourceTree = "<group>";
		};
		3EBF20EC2C255E3300C3A90E /* rockettTestGameApp */ = {
			isa = PBXGroup;
			children = (
				3EBF20ED2C255E3300C3A90E /* AppDelegate.swift */,
				3EBF20EF2C255E3300C3A90E /* GameScene.sks */,
				3EBF20F32C255E3300C3A90E /* GameScene.swift */,
				3EBF20F52C255E3300C3A90E /* GameViewController.swift */,
				3EBF20F72C255E3400C3A90E /* Main.storyboard */,
				3EBF21222C2635BB00C3A90E /* pop.m4a */,
				3EBF21202C2635A900C3A90E /* unlock.mp3 */,
				3EBF20FA2C255E3A00C3A90E /* Assets.xcassets */,
				3EBF20FC2C255E3A00C3A90E /* LaunchScreen.storyboard */,
			);
			path = rockettTestGameApp;
			sourceTree = "<group>";
		};
		3EBF21062C255E3B00C3A90E /* rockettTestGameAppTests */ = {
			isa = PBXGroup;
			children = (
				3EBF21072C255E3B00C3A90E /* rockettTestGameAppTests.swift */,
			);
			path = rockettTestGameAppTests;
			sourceTree = "<group>";
		};
		3EBF21102C255E3B00C3A90E /* rockettTestGameAppUITests */ = {
			isa = PBXGroup;
			children = (
				3EBF21112C255E3B00C3A90E /* rockettTestGameAppUITests.swift */,
				3EBF21132C255E3B00C3A90E /* rockettTestGameAppUITestsLaunchTests.swift */,
			);
			path = rockettTestGameAppUITests;
			sourceTree = "<group>";
		};
/* End PBXGroup section */

/* Begin PBXNativeTarget section */
		3EBF20E92C255E3300C3A90E /* rockettTestGameApp */ = {
			isa = PBXNativeTarget;
			buildConfigurationList = 3EBF21172C255E3B00C3A90E /* Build configuration list for PBXNativeTarget "rockettTestGameApp" */;
			buildPhases = (
				3EBF20E62C255E3300C3A90E /* Sources */,
				3EBF20E72C255E3300C3A90E /* Frameworks */,
				3EBF20E82C255E3300C3A90E /* Resources */,
			);
			buildRules = (
			);
			dependencies = (
			);
			name = rockettTestGameApp;
			productName = rockettTestGameApp;
			productReference = 3EBF20EA2C255E3300C3A90E /* rockettTestGameApp.app */;
			productType = "com.apple.product-type.application";
		};
		3EBF21022C255E3B00C3A90E /* rockettTestGameAppTests */ = {
			isa = PBXNativeTarget;
			buildConfigurationList = 3EBF211A2C255E3B00C3A90E /* Build configuration list for PBXNativeTarget "rockettTestGameAppTests" */;
			buildPhases = (
				3EBF20FF2C255E3B00C3A90E /* Sources */,
				3EBF21002C255E3B00C3A90E /* Frameworks */,
				3EBF21012C255E3B00C3A90E /* Resources */,
			);
			buildRules = (
			);
			dependencies = (
				3EBF21052C255E3B00C3A90E /* PBXTargetDependency */,
			);
			name = rockettTestGameAppTests;
			productName = rockettTestGameAppTests;
			productReference = 3EBF21032C255E3B00C3A90E /* rockettTestGameAppTests.xctest */;
			productType = "com.apple.product-type.bundle.unit-test";
		};
		3EBF210C2C255E3B00C3A90E /* rockettTestGameAppUITests */ = {
			isa = PBXNativeTarget;
			buildConfigurationList = 3EBF211D2C255E3B00C3A90E /* Build configuration list for PBXNativeTarget "rockettTestGameAppUITests" */;
			buildPhases = (
				3EBF21092C255E3B00C3A90E /* Sources */,
				3EBF210A2C255E3B00C3A90E /* Frameworks */,
				3EBF210B2C255E3B00C3A90E /* Resources */,
			);
			buildRules = (
			);
			dependencies = (
				3EBF210F2C255E3B00C3A90E /* PBXTargetDependency */,
			);
			name = rockettTestGameAppUITests;
			productName = rockettTestGameAppUITests;
			productReference = 3EBF210D2C255E3B00C3A90E /* rockettTestGameAppUITests.xctest */;
			productType = "com.apple.product-type.bundle.ui-testing";
		};
/* End PBXNativeTarget section */

/* Begin PBXProject section */
		3EBF20E22C255E3300C3A90E /* Project object */ = {
			isa = PBXProject;
			attributes = {
				BuildIndependentTargetsInParallel = 1;
				LastSwiftUpdateCheck = 1540;
				LastUpgradeCheck = 1540;
				TargetAttributes = {
					3EBF20E92C255E3300C3A90E = {
						CreatedOnToolsVersion = 15.4;
					};
					3EBF21022C255E3B00C3A90E = {
						CreatedOnToolsVersion = 15.4;
						TestTargetID = 3EBF20E92C255E3300C3A90E;
					};
					3EBF210C2C255E3B00C3A90E = {
						CreatedOnToolsVersion = 15.4;
						TestTargetID = 3EBF20E92C255E3300C3A90E;
					};
				};
			};
			buildConfigurationList = 3EBF20E52C255E3300C3A90E /* Build configuration list for PBXProject "rockettTestGameApp" */;
			compatibilityVersion = "Xcode 14.0";
			developmentRegion = en;
			hasScannedForEncodings = 0;
			knownRegions = (
				en,
				Base,
			);
			mainGroup = 3EBF20E12C255E3300C3A90E;
			productRefGroup = 3EBF20EB2C255E3300C3A90E /* Products */;
			projectDirPath = "";
			projectRoot = "";
			targets = (
				3EBF20E92C255E3300C3A90E /* rockettTestGameApp */,
				3EBF21022C255E3B00C3A90E /* rockettTestGameAppTests */,
				3EBF210C2C255E3B00C3A90E /* rockettTestGameAppUITests */,
			);
		};
/* End PBXProject section */

/* Begin PBXResourcesBuildPhase section */
		3EBF20E82C255E3300C3A90E /* Resources */ = {
			isa = PBXResourcesBuildPhase;
			buildActionMask = 2147483647;
			files = (
				3EBF20F02C255E3300C3A90E /* GameScene.sks in Resources */,
				3EBF21212C2635A900C3A90E /* unlock.mp3 in Resources */,
				3EBF20F92C255E3400C3A90E /* Base in Resources */,
				3EBF20FB2C255E3A00C3A90E /* Assets.xcassets in Resources */,
				3EBF20FE2C255E3A00C3A90E /* Base in Resources */,
			);
			runOnlyForDeploymentPostprocessing = 0;
		};
		3EBF21012C255E3B00C3A90E /* Resources */ = {
			isa = PBXResourcesBuildPhase;
			buildActionMask = 2147483647;
			files = (
			);
			runOnlyForDeploymentPostprocessing = 0;
		};
		3EBF210B2C255E3B00C3A90E /* Resources */ = {
			isa = PBXResourcesBuildPhase;
			buildActionMask = 2147483647;
			files = (
			);
			runOnlyForDeploymentPostprocessing = 0;
		};
/* End PBXResourcesBuildPhase section */

/* Begin PBXSourcesBuildPhase section */
		3EBF20E62C255E3300C3A90E /* Sources */ = {
			isa = PBXSourcesBuildPhase;
			buildActionMask = 2147483647;
			files = (
				3EBF20F42C255E3300C3A90E /* GameScene.swift in Sources */,
				3EBF20F62C255E3300C3A90E /* GameViewController.swift in Sources */,
				3EBF20EE2C255E3300C3A90E /* AppDelegate.swift in Sources */,
			);
			runOnlyForDeploymentPostprocessing = 0;
		};
		3EBF20FF2C255E3B00C3A90E /* Sources */ = {
			isa = PBXSourcesBuildPhase;
			buildActionMask = 2147483647;
			files = (
				3EBF21082C255E3B00C3A90E /* rockettTestGameAppTests.swift in Sources */,
			);
			runOnlyForDeploymentPostprocessing = 0;
		};
		3EBF21092C255E3B00C3A90E /* Sources */ = {
			isa = PBXSourcesBuildPhase;
			buildActionMask = 2147483647;
			files = (
				3EBF21122C255E3B00C3A90E /* rockettTestGameAppUITests.swift in Sources */,
				3EBF21142C255E3B00C3A90E /* rockettTestGameAppUITestsLaunchTests.swift in Sources */,
			);
			runOnlyForDeploymentPostprocessing = 0;
		};
/* End PBXSourcesBuildPhase section */

/* Begin PBXTargetDependency section */
		3EBF21052C255E3B00C3A90E /* PBXTargetDependency */ = {
			isa = PBXTargetDependency;
			target = 3EBF20E92C255E3300C3A90E /* rockettTestGameApp */;
			targetProxy = 3EBF21042C255E3B00C3A90E /* PBXContainerItemProxy */;
		};
		3EBF210F2C255E3B00C3A90E /* PBXTargetDependency */ = {
			isa = PBXTargetDependency;
			target = 3EBF20E92C255E3300C3A90E /* rockettTestGameApp */;
			targetProxy = 3EBF210E2C255E3B00C3A90E /* PBXContainerItemProxy */;
		};
/* End PBXTargetDependency section */

/* Begin PBXVariantGroup section */
		3EBF20F72C255E3400C3A90E /* Main.storyboard */ = {
			isa = PBXVariantGroup;
			children = (
				3EBF20F82C255E3400C3A90E /* Base */,
			);
			name = Main.storyboard;
			sourceTree = "<group>";
		};
		3EBF20FC2C255E3A00C3A90E /* LaunchScreen.storyboard */ = {
			isa = PBXVariantGroup;
			children = (
				3EBF20FD2C255E3A00C3A90E /* Base */,
			);
			name = LaunchScreen.storyboard;
			sourceTree = "<group>";
		};
/* End PBXVariantGroup section */

/* Begin XCBuildConfiguration section */
		3EBF21152C255E3B00C3A90E /* Debug */ = {
			isa = XCBuildConfiguration;
			buildSettings = {
				ALWAYS_SEARCH_USER_PATHS = NO;
				ASSETCATALOG_COMPILER_GENERATE_SWIFT_ASSET_SYMBOL_EXTENSIONS = YES;
				CLANG_ANALYZER_NONNULL = YES;
				CLANG_ANALYZER_NUMBER_OBJECT_CONVERSION = YES_AGGRESSIVE;
				CLANG_CXX_LANGUAGE_STANDARD = "gnu++20";
				CLANG_ENABLE_MODULES = YES;
				CLANG_ENABLE_OBJC_ARC = YES;
				CLANG_ENABLE_OBJC_WEAK = YES;
				CLANG_WARN_BLOCK_CAPTURE_AUTORELEASING = YES;
				CLANG_WARN_BOOL_CONVERSION = YES;
				CLANG_WARN_COMMA = YES;
				CLANG_WARN_CONSTANT_CONVERSION = YES;
				CLANG_WARN_DEPRECATED_OBJC_IMPLEMENTATIONS = YES;
				CLANG_WARN_DIRECT_OBJC_ISA_USAGE = YES_ERROR;
				CLANG_WARN_DOCUMENTATION_COMMENTS = YES;
				CLANG_WARN_EMPTY_BODY = YES;
				CLANG_WARN_ENUM_CONVERSION = YES;
				CLANG_WARN_INFINITE_RECURSION = YES;
				CLANG_WARN_INT_CONVERSION = YES;
				CLANG_WARN_NON_LITERAL_NULL_CONVERSION = YES;
				CLANG_WARN_OBJC_IMPLICIT_RETAIN_SELF = YES;
				CLANG_WARN_OBJC_LITERAL_CONVERSION = YES;
				CLANG_WARN_OBJC_ROOT_CLASS = YES_ERROR;
				CLANG_WARN_QUOTED_INCLUDE_IN_FRAMEWORK_HEADER = YES;
				CLANG_WARN_RANGE_LOOP_ANALYSIS = YES;
				CLANG_WARN_STRICT_PROTOTYPES = YES;
				CLANG_WARN_SUSPICIOUS_MOVE = YES;
				CLANG_WARN_UNGUARDED_AVAILABILITY = YES_AGGRESSIVE;
				CLANG_WARN_UNREACHABLE_CODE = YES;
				CLANG_WARN__DUPLICATE_METHOD_MATCH = YES;
				COPY_PHASE_STRIP = NO;
				DEBUG_INFORMATION_FORMAT = dwarf;
				ENABLE_STRICT_OBJC_MSGSEND = YES;
				ENABLE_TESTABILITY = YES;
				ENABLE_USER_SCRIPT_SANDBOXING = YES;
				GCC_C_LANGUAGE_STANDARD = gnu17;
				GCC_DYNAMIC_NO_PIC = NO;
				GCC_NO_COMMON_BLOCKS = YES;
				GCC_OPTIMIZATION_LEVEL = 0;
				GCC_PREPROCESSOR_DEFINITIONS = (
					"DEBUG=1",
					"$(inherited)",
				);
				GCC_WARN_64_TO_32_BIT_CONVERSION = YES;
				GCC_WARN_ABOUT_RETURN_TYPE = YES_ERROR;
				GCC_WARN_UNDECLARED_SELECTOR = YES;
				GCC_WARN_UNINITIALIZED_AUTOS = YES_AGGRESSIVE;
				GCC_WARN_UNUSED_FUNCTION = YES;
				GCC_WARN_UNUSED_VARIABLE = YES;
				IPHONEOS_DEPLOYMENT_TARGET = 17.5;
				LOCALIZATION_PREFERS_STRING_CATALOGS = YES;
				MTL_ENABLE_DEBUG_INFO = INCLUDE_SOURCE;
				MTL_FAST_MATH = YES;
				ONLY_ACTIVE_ARCH = YES;
				SDKROOT = iphoneos;
				SWIFT_ACTIVE_COMPILATION_CONDITIONS = "DEBUG $(inherited)";
				SWIFT_OPTIMIZATION_LEVEL = "-Onone";
			};
			name = Debug;
		};
		3EBF21162C255E3B00C3A90E /* Release */ = {
			isa = XCBuildConfiguration;
			buildSettings = {
				ALWAYS_SEARCH_USER_PATHS = NO;
				ASSETCATALOG_COMPILER_GENERATE_SWIFT_ASSET_SYMBOL_EXTENSIONS = YES;
				CLANG_ANALYZER_NONNULL = YES;
				CLANG_ANALYZER_NUMBER_OBJECT_CONVERSION = YES_AGGRESSIVE;
				CLANG_CXX_LANGUAGE_STANDARD = "gnu++20";
				CLANG_ENABLE_MODULES = YES;
				CLANG_ENABLE_OBJC_ARC = YES;
				CLANG_ENABLE_OBJC_WEAK = YES;
				CLANG_WARN_BLOCK_CAPTURE_AUTORELEASING = YES;
				CLANG_WARN_BOOL_CONVERSION = YES;
				CLANG_WARN_COMMA = YES;
				CLANG_WARN_CONSTANT_CONVERSION = YES;
				CLANG_WARN_DEPRECATED_OBJC_IMPLEMENTATIONS = YES;
				CLANG_WARN_DIRECT_OBJC_ISA_USAGE = YES_ERROR;
				CLANG_WARN_DOCUMENTATION_COMMENTS = YES;
				CLANG_WARN_EMPTY_BODY = YES;
				CLANG_WARN_ENUM_CONVERSION = YES;
				CLANG_WARN_INFINITE_RECURSION = YES;
				CLANG_WARN_INT_CONVERSION = YES;
				CLANG_WARN_NON_LITERAL_NULL_CONVERSION = YES;
				CLANG_WARN_OBJC_IMPLICIT_RETAIN_SELF = YES;
				CLANG_WARN_OBJC_LITERAL_CONVERSION = YES;
				CLANG_WARN_OBJC_ROOT_CLASS = YES_ERROR;
				CLANG_WARN_QUOTED_INCLUDE_IN_FRAMEWORK_HEADER = YES;
				CLANG_WARN_RANGE_LOOP_ANALYSIS = YES;
				CLANG_WARN_STRICT_PROTOTYPES = YES;
				CLANG_WARN_SUSPICIOUS_MOVE = YES;
				CLANG_WARN_UNGUARDED_AVAILABILITY = YES_AGGRESSIVE;
				CLANG_WARN_UNREACHABLE_CODE = YES;
				CLANG_WARN__DUPLICATE_METHOD_MATCH = YES;
				COPY_PHASE_STRIP = NO;
				DEBUG_INFORMATION_FORMAT = "dwarf-with-dsym";
				ENABLE_NS_ASSERTIONS = NO;
				ENABLE_STRICT_OBJC_MSGSEND = YES;
				ENABLE_USER_SCRIPT_SANDBOXING = YES;
				GCC_C_LANGUAGE_STANDARD = gnu17;
				GCC_NO_COMMON_BLOCKS = YES;
				GCC_WARN_64_TO_32_BIT_CONVERSION = YES;
				GCC_WARN_ABOUT_RETURN_TYPE = YES_ERROR;
				GCC_WARN_UNDECLARED_SELECTOR = YES;
				GCC_WARN_UNINITIALIZED_AUTOS = YES_AGGRESSIVE;
				GCC_WARN_UNUSED_FUNCTION = YES;
				GCC_WARN_UNUSED_VARIABLE = YES;
				IPHONEOS_DEPLOYMENT_TARGET = 17.5;
				LOCALIZATION_PREFERS_STRING_CATALOGS = YES;
				MTL_ENABLE_DEBUG_INFO = NO;
				MTL_FAST_MATH = YES;
				SDKROOT = iphoneos;
				SWIFT_COMPILATION_MODE = wholemodule;
				VALIDATE_PRODUCT = YES;
			};
			name = Release;
		};
		3EBF21182C255E3B00C3A90E /* Debug */ = {
			isa = XCBuildConfiguration;
			buildSettings = {
				ASSETCATALOG_COMPILER_APPICON_NAME = AppIcon;
				ASSETCATALOG_COMPILER_GLOBAL_ACCENT_COLOR_NAME = AccentColor;
				CODE_SIGN_STYLE = Automatic;
				CURRENT_PROJECT_VERSION = 1;
				GENERATE_INFOPLIST_FILE = YES;
				INFOPLIST_KEY_CFBundleDisplayName = PopTheLock;
				INFOPLIST_KEY_UIApplicationSupportsIndirectInputEvents = YES;
				INFOPLIST_KEY_UILaunchStoryboardName = LaunchScreen;
				INFOPLIST_KEY_UIMainStoryboardFile = Main;
				INFOPLIST_KEY_UIStatusBarHidden = YES;
				INFOPLIST_KEY_UISupportedInterfaceOrientations = UIInterfaceOrientationPortrait;
				LD_RUNPATH_SEARCH_PATHS = (
					"$(inherited)",
					"@executable_path/Frameworks",
				);
				MARKETING_VERSION = 1.0;
				PRODUCT_BUNDLE_IDENTIFIER = "com.example.apple-samplecode.rockettTestGameApp";
				PRODUCT_NAME = "$(TARGET_NAME)";
				SWIFT_EMIT_LOC_STRINGS = YES;
				SWIFT_VERSION = 5.0;
				TARGETED_DEVICE_FAMILY = "1,2";
			};
			name = Debug;
		};
		3EBF21192C255E3B00C3A90E /* Release */ = {
			isa = XCBuildConfiguration;
			buildSettings = {
				ASSETCATALOG_COMPILER_APPICON_NAME = AppIcon;
				ASSETCATALOG_COMPILER_GLOBAL_ACCENT_COLOR_NAME = AccentColor;
				CODE_SIGN_STYLE = Automatic;
				CURRENT_PROJECT_VERSION = 1;
				GENERATE_INFOPLIST_FILE = YES;
				INFOPLIST_KEY_CFBundleDisplayName = PopTheLock;
				INFOPLIST_KEY_UIApplicationSupportsIndirectInputEvents = YES;
				INFOPLIST_KEY_UILaunchStoryboardName = LaunchScreen;
				INFOPLIST_KEY_UIMainStoryboardFile = Main;
				INFOPLIST_KEY_UIStatusBarHidden = YES;
				INFOPLIST_KEY_UISupportedInterfaceOrientations = UIInterfaceOrientationPortrait;
				LD_RUNPATH_SEARCH_PATHS = (
					"$(inherited)",
					"@executable_path/Frameworks",
				);
				MARKETING_VERSION = 1.0;
				PRODUCT_BUNDLE_IDENTIFIER = "com.example.apple-samplecode.rockettTestGameApp";
				PRODUCT_NAME = "$(TARGET_NAME)";
				SWIFT_EMIT_LOC_STRINGS = YES;
				SWIFT_VERSION = 5.0;
				TARGETED_DEVICE_FAMILY = "1,2";
			};
			name = Release;
		};
		3EBF211B2C255E3B00C3A90E /* Debug */ = {
			isa = XCBuildConfiguration;
			buildSettings = {
				ALWAYS_EMBED_SWIFT_STANDARD_LIBRARIES = YES;
				BUNDLE_LOADER = "$(TEST_HOST)";
				CODE_SIGN_STYLE = Automatic;
				CURRENT_PROJECT_VERSION = 1;
				GENERATE_INFOPLIST_FILE = YES;
				IPHONEOS_DEPLOYMENT_TARGET = 17.5;
				MARKETING_VERSION = 1.0;
				PRODUCT_BUNDLE_IDENTIFIER = "com.example.apple-samplecode.rockettTestGameAppTests";
				PRODUCT_NAME = "$(TARGET_NAME)";
				SWIFT_EMIT_LOC_STRINGS = NO;
				SWIFT_VERSION = 5.0;
				TARGETED_DEVICE_FAMILY = "1,2";
				TEST_HOST = "$(BUILT_PRODUCTS_DIR)/rockettTestGameApp.app/$(BUNDLE_EXECUTABLE_FOLDER_PATH)/rockettTestGameApp";
			};
			name = Debug;
		};
		3EBF211C2C255E3B00C3A90E /* Release */ = {
			isa = XCBuildConfiguration;
			buildSettings = {
				ALWAYS_EMBED_SWIFT_STANDARD_LIBRARIES = YES;
				BUNDLE_LOADER = "$(TEST_HOST)";
				CODE_SIGN_STYLE = Automatic;
				CURRENT_PROJECT_VERSION = 1;
				GENERATE_INFOPLIST_FILE = YES;
				IPHONEOS_DEPLOYMENT_TARGET = 17.5;
				MARKETING_VERSION = 1.0;
				PRODUCT_BUNDLE_IDENTIFIER = "com.example.apple-samplecode.rockettTestGameAppTests";
				PRODUCT_NAME = "$(TARGET_NAME)";
				SWIFT_EMIT_LOC_STRINGS = NO;
				SWIFT_VERSION = 5.0;
				TARGETED_DEVICE_FAMILY = "1,2";
				TEST_HOST = "$(BUILT_PRODUCTS_DIR)/rockettTestGameApp.app/$(BUNDLE_EXECUTABLE_FOLDER_PATH)/rockettTestGameApp";
			};
			name = Release;
		};
		3EBF211E2C255E3B00C3A90E /* Debug */ = {
			isa = XCBuildConfiguration;
			buildSettings = {
				ALWAYS_EMBED_SWIFT_STANDARD_LIBRARIES = YES;
				CODE_SIGN_STYLE = Automatic;
				CURRENT_PROJECT_VERSION = 1;
				GENERATE_INFOPLIST_FILE = YES;
				MARKETING_VERSION = 1.0;
				PRODUCT_BUNDLE_IDENTIFIER = "com.example.apple-samplecode.rockettTestGameAppUITests";
				PRODUCT_NAME = "$(TARGET_NAME)";
				SWIFT_EMIT_LOC_STRINGS = NO;
				SWIFT_VERSION = 5.0;
				TARGETED_DEVICE_FAMILY = "1,2";
				TEST_TARGET_NAME = rockettTestGameApp;
			};
			name = Debug;
		};
		3EBF211F2C255E3B00C3A90E /* Release */ = {
			isa = XCBuildConfiguration;
			buildSettings = {
				ALWAYS_EMBED_SWIFT_STANDARD_LIBRARIES = YES;
				CODE_SIGN_STYLE = Automatic;
				CURRENT_PROJECT_VERSION = 1;
				GENERATE_INFOPLIST_FILE = YES;
				MARKETING_VERSION = 1.0;
				PRODUCT_BUNDLE_IDENTIFIER = "com.example.apple-samplecode.rockettTestGameAppUITests";
				PRODUCT_NAME = "$(TARGET_NAME)";
				SWIFT_EMIT_LOC_STRINGS = NO;
				SWIFT_VERSION = 5.0;
				TARGETED_DEVICE_FAMILY = "1,2";
				TEST_TARGET_NAME = rockettTestGameApp;
			};
			name = Release;
		};
/* End XCBuildConfiguration section */

/* Begin XCConfigurationList section */
		3EBF20E52C255E3300C3A90E /* Build configuration list for PBXProject "rockettTestGameApp" */ = {
			isa = XCConfigurationList;
			buildConfigurations = (
				3EBF21152C255E3B00C3A90E /* Debug */,
				3EBF21162C255E3B00C3A90E /* Release */,
			);
			defaultConfigurationIsVisible = 0;
			defaultConfigurationName = Release;
		};
		3EBF21172C255E3B00C3A90E /* Build configuration list for PBXNativeTarget "rockettTestGameApp" */ = {
			isa = XCConfigurationList;
			buildConfigurations = (
				3EBF21182C255E3B00C3A90E /* Debug */,
				3EBF21192C255E3B00C3A90E /* Release */,
			);
			defaultConfigurationIsVisible = 0;
			defaultConfigurationName = Release;
		};
		3EBF211A2C255E3B00C3A90E /* Build configuration list for PBXNativeTarget "rockettTestGameAppTests" */ = {
			isa = XCConfigurationList;
			buildConfigurations = (
				3EBF211B2C255E3B00C3A90E /* Debug */,
				3EBF211C2C255E3B00C3A90E /* Release */,
			);
			defaultConfigurationIsVisible = 0;
			defaultConfigurationName = Release;
		};
		3EBF211D2C255E3B00C3A90E /* Build configuration list for PBXNativeTarget "rockettTestGameAppUITests" */ = {
			isa = XCConfigurationList;
			buildConfigurations = (
				3EBF211E2C255E3B00C3A90E /* Debug */,
				3EBF211F2C255E3B00C3A90E /* Release */,
			);
			defaultConfigurationIsVisible = 0;
			defaultConfigurationName = Release;
		};
/* End XCConfigurationList section */
	};
	rootObject = 3EBF20E22C255E3300C3A90E /* Project object */;
}
